// !$*UTF8*$!
{
	archiveVersion = 1;
	classes = {
	};
	objectVersion = 56;
	objects = {

/* Begin PBXBuildFile section */
		ADBBA5072D7AD01A0008A126 /* AppDelegate.swift in Sources */ = {isa = PBXBuildFile; fileRef = ADBBA5062D7AD01A0008A126 /* AppDelegate.swift */; };
		ADBBA5092D7AD01A0008A126 /* SceneDelegate.swift in Sources */ = {isa = PBXBuildFile; fileRef = ADBBA5082D7AD01A0008A126 /* SceneDelegate.swift */; };
		ADBBA50B2D7AD01A0008A126 /* ViewController.swift in Sources */ = {isa = PBXBuildFile; fileRef = ADBBA50A2D7AD01A0008A126 /* ViewController.swift */; };
		ADBBA50E2D7AD01A0008A126 /* Main.storyboard in Resources */ = {isa = PBXBuildFile; fileRef = ADBBA50C2D7AD01A0008A126 /* Main.storyboard */; };
		ADBBA5102D7AD01B0008A126 /* Assets.xcassets in Resources */ = {isa = PBXBuildFile; fileRef = ADBBA50F2D7AD01B0008A126 /* Assets.xcassets */; };
		ADBBA5132D7AD01B0008A126 /* LaunchScreen.storyboard in Resources */ = {isa = PBXBuildFile; fileRef = ADBBA5112D7AD01B0008A126 /* LaunchScreen.storyboard */; };
		ADBBA51D2D7AD0F80008A126 /* UserProfileViewController.swift in Sources */ = {isa = PBXBuildFile; fileRef = ADBBA51C2D7AD0F80008A126 /* UserProfileViewController.swift */; };
		ADBBA51F2D7AD1060008A126 /* FeedbackViewController.swift in Sources */ = {isa = PBXBuildFile; fileRef = ADBBA51E2D7AD1060008A126 /* FeedbackViewController.swift */; };
/* End PBXBuildFile section */

/* Begin PBXFileReference section */
		ADBBA5032D7AD01A0008A126 /* Assessment_UI.app */ = {isa = PBXFileReference; explicitFileType = wrapper.application; includeInIndex = 0; path = Assessment_UI.app; sourceTree = BUILT_PRODUCTS_DIR; };
		ADBBA5062D7AD01A0008A126 /* AppDelegate.swift */ = {isa = PBXFileReference; lastKnownFileType = sourcecode.swift; path = AppDelegate.swift; sourceTree = "<group>"; };
		ADBBA5082D7AD01A0008A126 /* SceneDelegate.swift */ = {isa = PBXFileReference; lastKnownFileType = sourcecode.swift; path = SceneDelegate.swift; sourceTree = "<group>"; };
		ADBBA50A2D7AD01A0008A126 /* ViewController.swift */ = {isa = PBXFileReference; lastKnownFileType = sourcecode.swift; path = ViewController.swift; sourceTree = "<group>"; };
		ADBBA50D2D7AD01A0008A126 /* Base */ = {isa = PBXFileReference; lastKnownFileType = file.storyboard; name = Base; path = Base.lproj/Main.storyboard; sourceTree = "<group>"; };
		ADBBA50F2D7AD01B0008A126 /* Assets.xcassets */ = {isa = PBXFileReference; lastKnownFileType = folder.assetcatalog; path = Assets.xcassets; sourceTree = "<group>"; };
		ADBBA5122D7AD01B0008A126 /* Base */ = {isa = PBXFileReference; lastKnownFileType = file.storyboard; name = Base; path = Base.lproj/LaunchScreen.storyboard; sourceTree = "<group>"; };
		ADBBA5142D7AD01B0008A126 /* Info.plist */ = {isa = PBXFileReference; lastKnownFileType = text.plist.xml; path = Info.plist; sourceTree = "<group>"; };
		ADBBA51C2D7AD0F80008A126 /* UserProfileViewController.swift */ = {isa = PBXFileReference; lastKnownFileType = sourcecode.swift; path = UserProfileViewController.swift; sourceTree = "<group>"; };
		ADBBA51E2D7AD1060008A126 /* FeedbackViewController.swift */ = {isa = PBXFileReference; lastKnownFileType = sourcecode.swift; path = FeedbackViewController.swift; sourceTree = "<group>"; };
/* End PBXFileReference section */

/* Begin PBXFrameworksBuildPhase section */
		ADBBA5002D7AD01A0008A126 /* Frameworks */ = {
			isa = PBXFrameworksBuildPhase;
			buildActionMask = 2147483647;
			files = (
			);
			runOnlyForDeploymentPostprocessing = 0;
		};
/* End PBXFrameworksBuildPhase section */

/* Begin PBXGroup section */
		ADBBA4FA2D7AD0190008A126 = {
			isa = PBXGroup;
			children = (
				ADBBA5052D7AD01A0008A126 /* Assessment_UI */,
				ADBBA5042D7AD01A0008A126 /* Products */,
			);
			sourceTree = "<group>";
		};
		ADBBA5042D7AD01A0008A126 /* Products */ = {
			isa = PBXGroup;
			children = (
				ADBBA5032D7AD01A0008A126 /* Assessment_UI.app */,
			);
			name = Products;
			sourceTree = "<group>";
		};
		ADBBA5052D7AD01A0008A126 /* Assessment_UI */ = {
			isa = PBXGroup;
			children = (
				ADBBA5062D7AD01A0008A126 /* AppDelegate.swift */,
				ADBBA51C2D7AD0F80008A126 /* UserProfileViewController.swift */,
				ADBBA51E2D7AD1060008A126 /* FeedbackViewController.swift */,
				ADBBA5082D7AD01A0008A126 /* SceneDelegate.swift */,
				ADBBA50A2D7AD01A0008A126 /* ViewController.swift */,
				ADBBA50C2D7AD01A0008A126 /* Main.storyboard */,
				ADBBA50F2D7AD01B0008A126 /* Assets.xcassets */,
				ADBBA5112D7AD01B0008A126 /* LaunchScreen.storyboard */,
				ADBBA5142D7AD01B0008A126 /* Info.plist */,
			);
			path = Assessment_UI;
			sourceTree = "<group>";
		};
/* End PBXGroup section */

/* Begin PBXNativeTarget section */
		ADBBA5022D7AD01A0008A126 /* Assessment_UI */ = {
			isa = PBXNativeTarget;
			buildConfigurationList = ADBBA5172D7AD01B0008A126 /* Build configuration list for PBXNativeTarget "Assessment_UI" */;
			buildPhases = (
				ADBBA4FF2D7AD01A0008A126 /* Sources */,
				ADBBA5002D7AD01A0008A126 /* Frameworks */,
				ADBBA5012D7AD01A0008A126 /* Resources */,
			);
			buildRules = (
			);
			dependencies = (
			);
			name = Assessment_UI;
			productName = Assessment_UI;
			productReference = ADBBA5032D7AD01A0008A126 /* Assessment_UI.app */;
			productType = "com.apple.product-type.application";
		};
/* End PBXNativeTarget section */

/* Begin PBXProject section */
		ADBBA4FB2D7AD0190008A126 /* Project object */ = {
			isa = PBXProject;
			attributes = {
				BuildIndependentTargetsInParallel = 1;
				LastSwiftUpdateCheck = 1420;
				LastUpgradeCheck = 1420;
				TargetAttributes = {
					ADBBA5022D7AD01A0008A126 = {
						CreatedOnToolsVersion = 14.2;
					};
				};
			};
			buildConfigurationList = ADBBA4FE2D7AD0190008A126 /* Build configuration list for PBXProject "Assessment_UI" */;
			compatibilityVersion = "Xcode 14.0";
			developmentRegion = en;
			hasScannedForEncodings = 0;
			knownRegions = (
				en,
				Base,
			);
			mainGroup = ADBBA4FA2D7AD0190008A126;
			productRefGroup = ADBBA5042D7AD01A0008A126 /* Products */;
			projectDirPath = "";
			projectRoot = "";
			targets = (
				ADBBA5022D7AD01A0008A126 /* Assessment_UI */,
			);
		};
/* End PBXProject section */

/* Begin PBXResourcesBuildPhase section */
		ADBBA5012D7AD01A0008A126 /* Resources */ = {
			isa = PBXResourcesBuildPhase;
			buildActionMask = 2147483647;
			files = (
				ADBBA5132D7AD01B0008A126 /* LaunchScreen.storyboard in Resources */,
				ADBBA5102D7AD01B0008A126 /* Assets.xcassets in Resources */,
				ADBBA50E2D7AD01A0008A126 /* Main.storyboard in Resources */,
			);
			runOnlyForDeploymentPostprocessing = 0;
		};
/* End PBXResourcesBuildPhase section */

/* Begin PBXSourcesBuildPhase section */
		ADBBA4FF2D7AD01A0008A126 /* Sources */ = {
			isa = PBXSourcesBuildPhase;
			buildActionMask = 2147483647;
			files = (
				ADBBA50B2D7AD01A0008A126 /* ViewController.swift in Sources */,
				ADBBA51D2D7AD0F80008A126 /* UserProfileViewController.swift in Sources */,
				ADBBA5072D7AD01A0008A126 /* AppDelegate.swift in Sources */,
				ADBBA51F2D7AD1060008A126 /* FeedbackViewController.swift in Sources */,
				ADBBA5092D7AD01A0008A126 /* SceneDelegate.swift in Sources */,
			);
			runOnlyForDeploymentPostprocessing = 0;
		};
/* End PBXSourcesBuildPhase section */

/* Begin PBXVariantGroup section */
		ADBBA50C2D7AD01A0008A126 /* Main.storyboard */ = {
			isa = PBXVariantGroup;
			children = (
				ADBBA50D2D7AD01A0008A126 /* Base */,
			);
			name = Main.storyboard;
			sourceTree = "<group>";
		};
		ADBBA5112D7AD01B0008A126 /* LaunchScreen.storyboard */ = {
			isa = PBXVariantGroup;
			children = (
				ADBBA5122D7AD01B0008A126 /* Base */,
			);
			name = LaunchScreen.storyboard;
			sourceTree = "<group>";
		};
/* End PBXVariantGroup section */

/* Begin XCBuildConfiguration section */
		ADBBA5152D7AD01B0008A126 /* Debug */ = {
			isa = XCBuildConfiguration;
			buildSettings = {
				ALWAYS_SEARCH_USER_PATHS = NO;
				CLANG_ANALYZER_NONNULL = YES;
				CLANG_ANALYZER_NUMBER_OBJECT_CONVERSION = YES_AGGRESSIVE;
				CLANG_CXX_LANGUAGE_STANDARD = "gnu++20";
				CLANG_ENABLE_MODULES = YES;
				CLANG_ENABLE_OBJC_ARC = YES;
				CLANG_ENABLE_OBJC_WEAK = YES;
				CLANG_WARN_BLOCK_CAPTURE_AUTORELEASING = YES;
				CLANG_WARN_BOOL_CONVERSION = YES;
				CLANG_WARN_COMMA = YES;
				CLANG_WARN_CONSTANT_CONVERSION = YES;
				CLANG_WARN_DEPRECATED_OBJC_IMPLEMENTATIONS = YES;
				CLANG_WARN_DIRECT_OBJC_ISA_USAGE = YES_ERROR;
				CLANG_WARN_DOCUMENTATION_COMMENTS = YES;
				CLANG_WARN_EMPTY_BODY = YES;
				CLANG_WARN_ENUM_CONVERSION = YES;
				CLANG_WARN_INFINITE_RECURSION = YES;
				CLANG_WARN_INT_CONVERSION = YES;
				CLANG_WARN_NON_LITERAL_NULL_CONVERSION = YES;
				CLANG_WARN_OBJC_IMPLICIT_RETAIN_SELF = YES;
				CLANG_WARN_OBJC_LITERAL_CONVERSION = YES;
				CLANG_WARN_OBJC_ROOT_CLASS = YES_ERROR;
				CLANG_WARN_QUOTED_INCLUDE_IN_FRAMEWORK_HEADER = YES;
				CLANG_WARN_RANGE_LOOP_ANALYSIS = YES;
				CLANG_WARN_STRICT_PROTOTYPES = YES;
				CLANG_WARN_SUSPICIOUS_MOVE = YES;
				CLANG_WARN_UNGUARDED_AVAILABILITY = YES_AGGRESSIVE;
				CLANG_WARN_UNREACHABLE_CODE = YES;
				CLANG_WARN__DUPLICATE_METHOD_MATCH = YES;
				COPY_PHASE_STRIP = NO;
				DEBUG_INFORMATION_FORMAT = dwarf;
				ENABLE_STRICT_OBJC_MSGSEND = YES;
				ENABLE_TESTABILITY = YES;
				GCC_C_LANGUAGE_STANDARD = gnu11;
				GCC_DYNAMIC_NO_PIC = NO;
				GCC_NO_COMMON_BLOCKS = YES;
				GCC_OPTIMIZATION_LEVEL = 0;
				GCC_PREPROCESSOR_DEFINITIONS = (
					"DEBUG=1",
					"$(inherited)",
				);
				GCC_WARN_64_TO_32_BIT_CONVERSION = YES;
				GCC_WARN_ABOUT_RETURN_TYPE = YES_ERROR;
				GCC_WARN_UNDECLARED_SELECTOR = YES;
				GCC_WARN_UNINITIALIZED_AUTOS = YES_AGGRESSIVE;
				GCC_WARN_UNUSED_FUNCTION = YES;
				GCC_WARN_UNUSED_VARIABLE = YES;
				IPHONEOS_DEPLOYMENT_TARGET = 16.2;
				MTL_ENABLE_DEBUG_INFO = INCLUDE_SOURCE;
				MTL_FAST_MATH = YES;
				ONLY_ACTIVE_ARCH = YES;
				SDKROOT = iphoneos;
				SWIFT_ACTIVE_COMPILATION_CONDITIONS = DEBUG;
				SWIFT_OPTIMIZATION_LEVEL = "-Onone";
			};
			name = Debug;
		};
		ADBBA5162D7AD01B0008A126 /* Release */ = {
			isa = XCBuildConfiguration;
			buildSettings = {
				ALWAYS_SEARCH_USER_PATHS = NO;
				CLANG_ANALYZER_NONNULL = YES;
				CLANG_ANALYZER_NUMBER_OBJECT_CONVERSION = YES_AGGRESSIVE;
				CLANG_CXX_LANGUAGE_STANDARD = "gnu++20";
				CLANG_ENABLE_MODULES = YES;
				CLANG_ENABLE_OBJC_ARC = YES;
				CLANG_ENABLE_OBJC_WEAK = YES;
				CLANG_WARN_BLOCK_CAPTURE_AUTORELEASING = YES;
				CLANG_WARN_BOOL_CONVERSION = YES;
				CLANG_WARN_COMMA = YES;
				CLANG_WARN_CONSTANT_CONVERSION = YES;
				CLANG_WARN_DEPRECATED_OBJC_IMPLEMENTATIONS = YES;
				CLANG_WARN_DIRECT_OBJC_ISA_USAGE = YES_ERROR;
				CLANG_WARN_DOCUMENTATION_COMMENTS = YES;
				CLANG_WARN_EMPTY_BODY = YES;
				CLANG_WARN_ENUM_CONVERSION = YES;
				CLANG_WARN_INFINITE_RECURSION = YES;
				CLANG_WARN_INT_CONVERSION = YES;
				CLANG_WARN_NON_LITERAL_NULL_CONVERSION = YES;
				CLANG_WARN_OBJC_IMPLICIT_RETAIN_SELF = YES;
				CLANG_WARN_OBJC_LITERAL_CONVERSION = YES;
				CLANG_WARN_OBJC_ROOT_CLASS = YES_ERROR;
				CLANG_WARN_QUOTED_INCLUDE_IN_FRAMEWORK_HEADER = YES;
				CLANG_WARN_RANGE_LOOP_ANALYSIS = YES;
				CLANG_WARN_STRICT_PROTOTYPES = YES;
				CLANG_WARN_SUSPICIOUS_MOVE = YES;
				CLANG_WARN_UNGUARDED_AVAILABILITY = YES_AGGRESSIVE;
				CLANG_WARN_UNREACHABLE_CODE = YES;
				CLANG_WARN__DUPLICATE_METHOD_MATCH = YES;
				COPY_PHASE_STRIP = NO;
				DEBUG_INFORMATION_FORMAT = "dwarf-with-dsym";
				ENABLE_NS_ASSERTIONS = NO;
				ENABLE_STRICT_OBJC_MSGSEND = YES;
				GCC_C_LANGUAGE_STANDARD = gnu11;
				GCC_NO_COMMON_BLOCKS = YES;
				GCC_WARN_64_TO_32_BIT_CONVERSION = YES;
				GCC_WARN_ABOUT_RETURN_TYPE = YES_ERROR;
				GCC_WARN_UNDECLARED_SELECTOR = YES;
				GCC_WARN_UNINITIALIZED_AUTOS = YES_AGGRESSIVE;
				GCC_WARN_UNUSED_FUNCTION = YES;
				GCC_WARN_UNUSED_VARIABLE = YES;
				IPHONEOS_DEPLOYMENT_TARGET = 16.2;
				MTL_ENABLE_DEBUG_INFO = NO;
				MTL_FAST_MATH = YES;
				SDKROOT = iphoneos;
				SWIFT_COMPILATION_MODE = wholemodule;
				SWIFT_OPTIMIZATION_LEVEL = "-O";
				VALIDATE_PRODUCT = YES;
			};
			name = Release;
		};
		ADBBA5182D7AD01B0008A126 /* Debug */ = {
			isa = XCBuildConfiguration;
			buildSettings = {
				ASSETCATALOG_COMPILER_APPICON_NAME = AppIcon;
				ASSETCATALOG_COMPILER_GLOBAL_ACCENT_COLOR_NAME = AccentColor;
				CODE_SIGN_STYLE = Automatic;
				CURRENT_PROJECT_VERSION = 1;
				GENERATE_INFOPLIST_FILE = YES;
				INFOPLIST_FILE = Assessment_UI/Info.plist;
				INFOPLIST_KEY_UIApplicationSupportsIndirectInputEvents = YES;
				INFOPLIST_KEY_UILaunchStoryboardName = LaunchScreen;
				INFOPLIST_KEY_UIMainStoryboardFile = Main;
				INFOPLIST_KEY_UISupportedInterfaceOrientations_iPad = "UIInterfaceOrientationPortrait UIInterfaceOrientationPortraitUpsideDown UIInterfaceOrientationLandscapeLeft UIInterfaceOrientationLandscapeRight";
				INFOPLIST_KEY_UISupportedInterfaceOrientations_iPhone = "UIInterfaceOrientationPortrait UIInterfaceOrientationLandscapeLeft UIInterfaceOrientationLandscapeRight";
				LD_RUNPATH_SEARCH_PATHS = (
					"$(inherited)",
					"@executable_path/Frameworks",
				);
				MARKETING_VERSION = 1.0;
				PRODUCT_BUNDLE_IDENTIFIER = "jgv.Assessment-UI";
				PRODUCT_NAME = "$(TARGET_NAME)";
				SWIFT_EMIT_LOC_STRINGS = YES;
				SWIFT_VERSION = 5.0;
				TARGETED_DEVICE_FAMILY = "1,2";
			};
			name = Debug;
		};
		ADBBA5192D7AD01B0008A126 /* Release */ = {
			isa = XCBuildConfiguration;
			buildSettings = {
				ASSETCATALOG_COMPILER_APPICON_NAME = AppIcon;
				ASSETCATALOG_COMPILER_GLOBAL_ACCENT_COLOR_NAME = AccentColor;
				CODE_SIGN_STYLE = Automatic;
				CURRENT_PROJECT_VERSION = 1;
				GENERATE_INFOPLIST_FILE = YES;
				INFOPLIST_FILE = Assessment_UI/Info.plist;
				INFOPLIST_KEY_UIApplicationSupportsIndirectInputEvents = YES;
				INFOPLIST_KEY_UILaunchStoryboardName = LaunchScreen;
				INFOPLIST_KEY_UIMainStoryboardFile = Main;
				INFOPLIST_KEY_UISupportedInterfaceOrientations_iPad = "UIInterfaceOrientationPortrait UIInterfaceOrientationPortraitUpsideDown UIInterfaceOrientationLandscapeLeft UIInterfaceOrientationLandscapeRight";
				INFOPLIST_KEY_UISupportedInterfaceOrientations_iPhone = "UIInterfaceOrientationPortrait UIInterfaceOrientationLandscapeLeft UIInterfaceOrientationLandscapeRight";
				LD_RUNPATH_SEARCH_PATHS = (
					"$(inherited)",
					"@executable_path/Frameworks",
				);
				MARKETING_VERSION = 1.0;
				PRODUCT_BUNDLE_IDENTIFIER = "jgv.Assessment-UI";
				PRODUCT_NAME = "$(TARGET_NAME)";
				SWIFT_EMIT_LOC_STRINGS = YES;
				SWIFT_VERSION = 5.0;
				TARGETED_DEVICE_FAMILY = "1,2";
			};
			name = Release;
		};
/* End XCBuildConfiguration section */

/* Begin XCConfigurationList section */
		ADBBA4FE2D7AD0190008A126 /* Build configuration list for PBXProject "Assessment_UI" */ = {
			isa = XCConfigurationList;
			buildConfigurations = (
				ADBBA5152D7AD01B0008A126 /* Debug */,
				ADBBA5162D7AD01B0008A126 /* Release */,
			);
			defaultConfigurationIsVisible = 0;
			defaultConfigurationName = Release;
		};
		ADBBA5172D7AD01B0008A126 /* Build configuration list for PBXNativeTarget "Assessment_UI" */ = {
			isa = XCConfigurationList;
			buildConfigurations = (
				ADBBA5182D7AD01B0008A126 /* Debug */,
				ADBBA5192D7AD01B0008A126 /* Release */,
			);
			defaultConfigurationIsVisible = 0;
			defaultConfigurationName = Release;
		};
/* End XCConfigurationList section */
	};
	rootObject = ADBBA4FB2D7AD0190008A126 /* Project object */;
}
