// !$*UTF8*$!
{
	archiveVersion = 1;
	classes = {
	};
	objectVersion = 56;
	objects = {

/* Begin PBXBuildFile section */
		ADAC6C5C2D77107B00DD9695 /* AppDelegate.swift in Sources */ = {isa = PBXBuildFile; fileRef = ADAC6C5B2D77107B00DD9695 /* AppDelegate.swift */; };
		ADAC6C5E2D77107B00DD9695 /* SceneDelegate.swift in Sources */ = {isa = PBXBuildFile; fileRef = ADAC6C5D2D77107B00DD9695 /* SceneDelegate.swift */; };
		ADAC6C602D77107B00DD9695 /* ViewController.swift in Sources */ = {isa = PBXBuildFile; fileRef = ADAC6C5F2D77107B00DD9695 /* ViewController.swift */; };
		ADAC6C632D77107B00DD9695 /* Main.storyboard in Resources */ = {isa = PBXBuildFile; fileRef = ADAC6C612D77107B00DD9695 /* Main.storyboard */; };
		ADAC6C652D77107C00DD9695 /* Assets.xcassets in Resources */ = {isa = PBXBuildFile; fileRef = ADAC6C642D77107C00DD9695 /* Assets.xcassets */; };
		ADAC6C682D77107C00DD9695 /* LaunchScreen.storyboard in Resources */ = {isa = PBXBuildFile; fileRef = ADAC6C662D77107C00DD9695 /* LaunchScreen.storyboard */; };
		ADAC6C702D77154500DD9695 /* CustomTableCell.swift in Sources */ = {isa = PBXBuildFile; fileRef = ADAC6C6F2D77154500DD9695 /* CustomTableCell.swift */; };
		ADAC6C722D77158500DD9695 /* CustomTableCell.xib in Resources */ = {isa = PBXBuildFile; fileRef = ADAC6C712D77158500DD9695 /* CustomTableCell.xib */; };
/* End PBXBuildFile section */

/* Begin PBXFileReference section */
		ADAC6C582D77107B00DD9695 /* CustomCellClassProject.app */ = {isa = PBXFileReference; explicitFileType = wrapper.application; includeInIndex = 0; path = CustomCellClassProject.app; sourceTree = BUILT_PRODUCTS_DIR; };
		ADAC6C5B2D77107B00DD9695 /* AppDelegate.swift */ = {isa = PBXFileReference; lastKnownFileType = sourcecode.swift; path = AppDelegate.swift; sourceTree = "<group>"; };
		ADAC6C5D2D77107B00DD9695 /* SceneDelegate.swift */ = {isa = PBXFileReference; lastKnownFileType = sourcecode.swift; path = SceneDelegate.swift; sourceTree = "<group>"; };
		ADAC6C5F2D77107B00DD9695 /* ViewController.swift */ = {isa = PBXFileReference; lastKnownFileType = sourcecode.swift; path = ViewController.swift; sourceTree = "<group>"; };
		ADAC6C622D77107B00DD9695 /* Base */ = {isa = PBXFileReference; lastKnownFileType = file.storyboard; name = Base; path = Base.lproj/Main.storyboard; sourceTree = "<group>"; };
		ADAC6C642D77107C00DD9695 /* Assets.xcassets */ = {isa = PBXFileReference; lastKnownFileType = folder.assetcatalog; path = Assets.xcassets; sourceTree = "<group>"; };
		ADAC6C672D77107C00DD9695 /* Base */ = {isa = PBXFileReference; lastKnownFileType = file.storyboard; name = Base; path = Base.lproj/LaunchScreen.storyboard; sourceTree = "<group>"; };
		ADAC6C692D77107C00DD9695 /* Info.plist */ = {isa = PBXFileReference; lastKnownFileType = text.plist.xml; path = Info.plist; sourceTree = "<group>"; };
		ADAC6C6F2D77154500DD9695 /* CustomTableCell.swift */ = {isa = PBXFileReference; lastKnownFileType = sourcecode.swift; path = CustomTableCell.swift; sourceTree = "<group>"; };
		ADAC6C712D77158500DD9695 /* CustomTableCell.xib */ = {isa = PBXFileReference; lastKnownFileType = file.xib; path = CustomTableCell.xib; sourceTree = "<group>"; };
/* End PBXFileReference section */

/* Begin PBXFrameworksBuildPhase section */
		ADAC6C552D77107B00DD9695 /* Frameworks */ = {
			isa = PBXFrameworksBuildPhase;
			buildActionMask = 2147483647;
			files = (
			);
			runOnlyForDeploymentPostprocessing = 0;
		};
/* End PBXFrameworksBuildPhase section */

/* Begin PBXGroup section */
		ADAC6C4F2D77107A00DD9695 = {
			isa = PBXGroup;
			children = (
				ADAC6C5A2D77107B00DD9695 /* CustomCellClassProject */,
				ADAC6C592D77107B00DD9695 /* Products */,
			);
			sourceTree = "<group>";
		};
		ADAC6C592D77107B00DD9695 /* Products */ = {
			isa = PBXGroup;
			children = (
				ADAC6C582D77107B00DD9695 /* CustomCellClassProject.app */,
			);
			name = Products;
			sourceTree = "<group>";
		};
		ADAC6C5A2D77107B00DD9695 /* CustomCellClassProject */ = {
			isa = PBXGroup;
			children = (
				ADAC6C5B2D77107B00DD9695 /* AppDelegate.swift */,
				ADAC6C5D2D77107B00DD9695 /* SceneDelegate.swift */,
				ADAC6C5F2D77107B00DD9695 /* ViewController.swift */,
				ADAC6C612D77107B00DD9695 /* Main.storyboard */,
				ADAC6C642D77107C00DD9695 /* Assets.xcassets */,
				ADAC6C662D77107C00DD9695 /* LaunchScreen.storyboard */,
				ADAC6C692D77107C00DD9695 /* Info.plist */,
				ADAC6C6F2D77154500DD9695 /* CustomTableCell.swift */,
				ADAC6C712D77158500DD9695 /* CustomTableCell.xib */,
			);
			path = CustomCellClassProject;
			sourceTree = "<group>";
		};
/* End PBXGroup section */

/* Begin PBXNativeTarget section */
		ADAC6C572D77107B00DD9695 /* CustomCellClassProject */ = {
			isa = PBXNativeTarget;
			buildConfigurationList = ADAC6C6C2D77107C00DD9695 /* Build configuration list for PBXNativeTarget "CustomCellClassProject" */;
			buildPhases = (
				ADAC6C542D77107B00DD9695 /* Sources */,
				ADAC6C552D77107B00DD9695 /* Frameworks */,
				ADAC6C562D77107B00DD9695 /* Resources */,
			);
			buildRules = (
			);
			dependencies = (
			);
			name = CustomCellClassProject;
			productName = CustomCellClassProject;
			productReference = ADAC6C582D77107B00DD9695 /* CustomCellClassProject.app */;
			productType = "com.apple.product-type.application";
		};
/* End PBXNativeTarget section */

/* Begin PBXProject section */
		ADAC6C502D77107A00DD9695 /* Project object */ = {
			isa = PBXProject;
			attributes = {
				BuildIndependentTargetsInParallel = 1;
				LastSwiftUpdateCheck = 1420;
				LastUpgradeCheck = 1420;
				TargetAttributes = {
					ADAC6C572D77107B00DD9695 = {
						CreatedOnToolsVersion = 14.2;
					};
				};
			};
			buildConfigurationList = ADAC6C532D77107A00DD9695 /* Build configuration list for PBXProject "CustomCellClassProject" */;
			compatibilityVersion = "Xcode 14.0";
			developmentRegion = en;
			hasScannedForEncodings = 0;
			knownRegions = (
				en,
				Base,
			);
			mainGroup = ADAC6C4F2D77107A00DD9695;
			productRefGroup = ADAC6C592D77107B00DD9695 /* Products */;
			projectDirPath = "";
			projectRoot = "";
			targets = (
				ADAC6C572D77107B00DD9695 /* CustomCellClassProject */,
			);
		};
/* End PBXProject section */

/* Begin PBXResourcesBuildPhase section */
		ADAC6C562D77107B00DD9695 /* Resources */ = {
			isa = PBXResourcesBuildPhase;
			buildActionMask = 2147483647;
			files = (
				ADAC6C682D77107C00DD9695 /* LaunchScreen.storyboard in Resources */,
				ADAC6C652D77107C00DD9695 /* Assets.xcassets in Resources */,
				ADAC6C632D77107B00DD9695 /* Main.storyboard in Resources */,
				ADAC6C722D77158500DD9695 /* CustomTableCell.xib in Resources */,
			);
			runOnlyForDeploymentPostprocessing = 0;
		};
/* End PBXResourcesBuildPhase section */

/* Begin PBXSourcesBuildPhase section */
		ADAC6C542D77107B00DD9695 /* Sources */ = {
			isa = PBXSourcesBuildPhase;
			buildActionMask = 2147483647;
			files = (
				ADAC6C602D77107B00DD9695 /* ViewController.swift in Sources */,
				ADAC6C5C2D77107B00DD9695 /* AppDelegate.swift in Sources */,
				ADAC6C5E2D77107B00DD9695 /* SceneDelegate.swift in Sources */,
				ADAC6C702D77154500DD9695 /* CustomTableCell.swift in Sources */,
			);
			runOnlyForDeploymentPostprocessing = 0;
		};
/* End PBXSourcesBuildPhase section */

/* Begin PBXVariantGroup section */
		ADAC6C612D77107B00DD9695 /* Main.storyboard */ = {
			isa = PBXVariantGroup;
			children = (
				ADAC6C622D77107B00DD9695 /* Base */,
			);
			name = Main.storyboard;
			sourceTree = "<group>";
		};
		ADAC6C662D77107C00DD9695 /* LaunchScreen.storyboard */ = {
			isa = PBXVariantGroup;
			children = (
				ADAC6C672D77107C00DD9695 /* Base */,
			);
			name = LaunchScreen.storyboard;
			sourceTree = "<group>";
		};
/* End PBXVariantGroup section */

/* Begin XCBuildConfiguration section */
		ADAC6C6A2D77107C00DD9695 /* Debug */ = {
			isa = XCBuildConfiguration;
			buildSettings = {
				ALWAYS_SEARCH_USER_PATHS = NO;
				CLANG_ANALYZER_NONNULL = YES;
				CLANG_ANALYZER_NUMBER_OBJECT_CONVERSION = YES_AGGRESSIVE;
				CLANG_CXX_LANGUAGE_STANDARD = "gnu++20";
				CLANG_ENABLE_MODULES = YES;
				CLANG_ENABLE_OBJC_ARC = YES;
				CLANG_ENABLE_OBJC_WEAK = YES;
				CLANG_WARN_BLOCK_CAPTURE_AUTORELEASING = YES;
				CLANG_WARN_BOOL_CONVERSION = YES;
				CLANG_WARN_COMMA = YES;
				CLANG_WARN_CONSTANT_CONVERSION = YES;
				CLANG_WARN_DEPRECATED_OBJC_IMPLEMENTATIONS = YES;
				CLANG_WARN_DIRECT_OBJC_ISA_USAGE = YES_ERROR;
				CLANG_WARN_DOCUMENTATION_COMMENTS = YES;
				CLANG_WARN_EMPTY_BODY = YES;
				CLANG_WARN_ENUM_CONVERSION = YES;
				CLANG_WARN_INFINITE_RECURSION = YES;
				CLANG_WARN_INT_CONVERSION = YES;
				CLANG_WARN_NON_LITERAL_NULL_CONVERSION = YES;
				CLANG_WARN_OBJC_IMPLICIT_RETAIN_SELF = YES;
				CLANG_WARN_OBJC_LITERAL_CONVERSION = YES;
				CLANG_WARN_OBJC_ROOT_CLASS = YES_ERROR;
				CLANG_WARN_QUOTED_INCLUDE_IN_FRAMEWORK_HEADER = YES;
				CLANG_WARN_RANGE_LOOP_ANALYSIS = YES;
				CLANG_WARN_STRICT_PROTOTYPES = YES;
				CLANG_WARN_SUSPICIOUS_MOVE = YES;
				CLANG_WARN_UNGUARDED_AVAILABILITY = YES_AGGRESSIVE;
				CLANG_WARN_UNREACHABLE_CODE = YES;
				CLANG_WARN__DUPLICATE_METHOD_MATCH = YES;
				COPY_PHASE_STRIP = NO;
				DEBUG_INFORMATION_FORMAT = dwarf;
				ENABLE_STRICT_OBJC_MSGSEND = YES;
				ENABLE_TESTABILITY = YES;
				GCC_C_LANGUAGE_STANDARD = gnu11;
				GCC_DYNAMIC_NO_PIC = NO;
				GCC_NO_COMMON_BLOCKS = YES;
				GCC_OPTIMIZATION_LEVEL = 0;
				GCC_PREPROCESSOR_DEFINITIONS = (
					"DEBUG=1",
					"$(inherited)",
				);
				GCC_WARN_64_TO_32_BIT_CONVERSION = YES;
				GCC_WARN_ABOUT_RETURN_TYPE = YES_ERROR;
				GCC_WARN_UNDECLARED_SELECTOR = YES;
				GCC_WARN_UNINITIALIZED_AUTOS = YES_AGGRESSIVE;
				GCC_WARN_UNUSED_FUNCTION = YES;
				GCC_WARN_UNUSED_VARIABLE = YES;
				IPHONEOS_DEPLOYMENT_TARGET = 16.2;
				MTL_ENABLE_DEBUG_INFO = INCLUDE_SOURCE;
				MTL_FAST_MATH = YES;
				ONLY_ACTIVE_ARCH = YES;
				SDKROOT = iphoneos;
				SWIFT_ACTIVE_COMPILATION_CONDITIONS = DEBUG;
				SWIFT_OPTIMIZATION_LEVEL = "-Onone";
			};
			name = Debug;
		};
		ADAC6C6B2D77107C00DD9695 /* Release */ = {
			isa = XCBuildConfiguration;
			buildSettings = {
				ALWAYS_SEARCH_USER_PATHS = NO;
				CLANG_ANALYZER_NONNULL = YES;
				CLANG_ANALYZER_NUMBER_OBJECT_CONVERSION = YES_AGGRESSIVE;
				CLANG_CXX_LANGUAGE_STANDARD = "gnu++20";
				CLANG_ENABLE_MODULES = YES;
				CLANG_ENABLE_OBJC_ARC = YES;
				CLANG_ENABLE_OBJC_WEAK = YES;
				CLANG_WARN_BLOCK_CAPTURE_AUTORELEASING = YES;
				CLANG_WARN_BOOL_CONVERSION = YES;
				CLANG_WARN_COMMA = YES;
				CLANG_WARN_CONSTANT_CONVERSION = YES;
				CLANG_WARN_DEPRECATED_OBJC_IMPLEMENTATIONS = YES;
				CLANG_WARN_DIRECT_OBJC_ISA_USAGE = YES_ERROR;
				CLANG_WARN_DOCUMENTATION_COMMENTS = YES;
				CLANG_WARN_EMPTY_BODY = YES;
				CLANG_WARN_ENUM_CONVERSION = YES;
				CLANG_WARN_INFINITE_RECURSION = YES;
				CLANG_WARN_INT_CONVERSION = YES;
				CLANG_WARN_NON_LITERAL_NULL_CONVERSION = YES;
				CLANG_WARN_OBJC_IMPLICIT_RETAIN_SELF = YES;
				CLANG_WARN_OBJC_LITERAL_CONVERSION = YES;
				CLANG_WARN_OBJC_ROOT_CLASS = YES_ERROR;
				CLANG_WARN_QUOTED_INCLUDE_IN_FRAMEWORK_HEADER = YES;
				CLANG_WARN_RANGE_LOOP_ANALYSIS = YES;
				CLANG_WARN_STRICT_PROTOTYPES = YES;
				CLANG_WARN_SUSPICIOUS_MOVE = YES;
				CLANG_WARN_UNGUARDED_AVAILABILITY = YES_AGGRESSIVE;
				CLANG_WARN_UNREACHABLE_CODE = YES;
				CLANG_WARN__DUPLICATE_METHOD_MATCH = YES;
				COPY_PHASE_STRIP = NO;
				DEBUG_INFORMATION_FORMAT = "dwarf-with-dsym";
				ENABLE_NS_ASSERTIONS = NO;
				ENABLE_STRICT_OBJC_MSGSEND = YES;
				GCC_C_LANGUAGE_STANDARD = gnu11;
				GCC_NO_COMMON_BLOCKS = YES;
				GCC_WARN_64_TO_32_BIT_CONVERSION = YES;
				GCC_WARN_ABOUT_RETURN_TYPE = YES_ERROR;
				GCC_WARN_UNDECLARED_SELECTOR = YES;
				GCC_WARN_UNINITIALIZED_AUTOS = YES_AGGRESSIVE;
				GCC_WARN_UNUSED_FUNCTION = YES;
				GCC_WARN_UNUSED_VARIABLE = YES;
				IPHONEOS_DEPLOYMENT_TARGET = 16.2;
				MTL_ENABLE_DEBUG_INFO = NO;
				MTL_FAST_MATH = YES;
				SDKROOT = iphoneos;
				SWIFT_COMPILATION_MODE = wholemodule;
				SWIFT_OPTIMIZATION_LEVEL = "-O";
				VALIDATE_PRODUCT = YES;
			};
			name = Release;
		};
		ADAC6C6D2D77107C00DD9695 /* Debug */ = {
			isa = XCBuildConfiguration;
			buildSettings = {
				ASSETCATALOG_COMPILER_APPICON_NAME = AppIcon;
				ASSETCATALOG_COMPILER_GLOBAL_ACCENT_COLOR_NAME = AccentColor;
				CODE_SIGN_STYLE = Automatic;
				CURRENT_PROJECT_VERSION = 1;
				GENERATE_INFOPLIST_FILE = YES;
				INFOPLIST_FILE = CustomCellClassProject/Info.plist;
				INFOPLIST_KEY_UIApplicationSupportsIndirectInputEvents = YES;
				INFOPLIST_KEY_UILaunchStoryboardName = LaunchScreen;
				INFOPLIST_KEY_UIMainStoryboardFile = Main;
				INFOPLIST_KEY_UISupportedInterfaceOrientations_iPad = "UIInterfaceOrientationPortrait UIInterfaceOrientationPortraitUpsideDown UIInterfaceOrientationLandscapeLeft UIInterfaceOrientationLandscapeRight";
				INFOPLIST_KEY_UISupportedInterfaceOrientations_iPhone = "UIInterfaceOrientationPortrait UIInterfaceOrientationLandscapeLeft UIInterfaceOrientationLandscapeRight";
				LD_RUNPATH_SEARCH_PATHS = (
					"$(inherited)",
					"@executable_path/Frameworks",
				);
				MARKETING_VERSION = 1.0;
				PRODUCT_BUNDLE_IDENTIFIER = jgv.CustomCellClassProject;
				PRODUCT_NAME = "$(TARGET_NAME)";
				SWIFT_EMIT_LOC_STRINGS = YES;
				SWIFT_VERSION = 5.0;
				TARGETED_DEVICE_FAMILY = "1,2";
			};
			name = Debug;
		};
		ADAC6C6E2D77107C00DD9695 /* Release */ = {
			isa = XCBuildConfiguration;
			buildSettings = {
				ASSETCATALOG_COMPILER_APPICON_NAME = AppIcon;
				ASSETCATALOG_COMPILER_GLOBAL_ACCENT_COLOR_NAME = AccentColor;
				CODE_SIGN_STYLE = Automatic;
				CURRENT_PROJECT_VERSION = 1;
				GENERATE_INFOPLIST_FILE = YES;
				INFOPLIST_FILE = CustomCellClassProject/Info.plist;
				INFOPLIST_KEY_UIApplicationSupportsIndirectInputEvents = YES;
				INFOPLIST_KEY_UILaunchStoryboardName = LaunchScreen;
				INFOPLIST_KEY_UIMainStoryboardFile = Main;
				INFOPLIST_KEY_UISupportedInterfaceOrientations_iPad = "UIInterfaceOrientationPortrait UIInterfaceOrientationPortraitUpsideDown UIInterfaceOrientationLandscapeLeft UIInterfaceOrientationLandscapeRight";
				INFOPLIST_KEY_UISupportedInterfaceOrientations_iPhone = "UIInterfaceOrientationPortrait UIInterfaceOrientationLandscapeLeft UIInterfaceOrientationLandscapeRight";
				LD_RUNPATH_SEARCH_PATHS = (
					"$(inherited)",
					"@executable_path/Frameworks",
				);
				MARKETING_VERSION = 1.0;
				PRODUCT_BUNDLE_IDENTIFIER = jgv.CustomCellClassProject;
				PRODUCT_NAME = "$(TARGET_NAME)";
				SWIFT_EMIT_LOC_STRINGS = YES;
				SWIFT_VERSION = 5.0;
				TARGETED_DEVICE_FAMILY = "1,2";
			};
			name = Release;
		};
/* End XCBuildConfiguration section */

/* Begin XCConfigurationList section */
		ADAC6C532D77107A00DD9695 /* Build configuration list for PBXProject "CustomCellClassProject" */ = {
			isa = XCConfigurationList;
			buildConfigurations = (
				ADAC6C6A2D77107C00DD9695 /* Debug */,
				ADAC6C6B2D77107C00DD9695 /* Release */,
			);
			defaultConfigurationIsVisible = 0;
			defaultConfigurationName = Release;
		};
		ADAC6C6C2D77107C00DD9695 /* Build configuration list for PBXNativeTarget "CustomCellClassProject" */ = {
			isa = XCConfigurationList;
			buildConfigurations = (
				ADAC6C6D2D77107C00DD9695 /* Debug */,
				ADAC6C6E2D77107C00DD9695 /* Release */,
			);
			defaultConfigurationIsVisible = 0;
			defaultConfigurationName = Release;
		};
/* End XCConfigurationList section */
	};
	rootObject = ADAC6C502D77107A00DD9695 /* Project object */;
}
