// !$*UTF8*$!
{
	archiveVersion = 1;
	classes = {
	};
	objectVersion = 56;
	objects = {

/* Begin PBXBuildFile section */
		AD8EEA512D78794E00A5F212 /* DisplayFormDataViewController.swift in Sources */ = {isa = PBXBuildFile; fileRef = AD8EEA4F2D78794E00A5F212 /* DisplayFormDataViewController.swift */; };
		AD8EEA522D78794E00A5F212 /* DisplayFormDataViewController.xib in Resources */ = {isa = PBXBuildFile; fileRef = AD8EEA502D78794E00A5F212 /* DisplayFormDataViewController.xib */; };
		ADF5BB422D782C39004732AE /* AppDelegate.swift in Sources */ = {isa = PBXBuildFile; fileRef = ADF5BB412D782C39004732AE /* AppDelegate.swift */; };
		ADF5BB442D782C39004732AE /* SceneDelegate.swift in Sources */ = {isa = PBXBuildFile; fileRef = ADF5BB432D782C39004732AE /* SceneDelegate.swift */; };
		ADF5BB462D782C39004732AE /* ViewController.swift in Sources */ = {isa = PBXBuildFile; fileRef = ADF5BB452D782C39004732AE /* ViewController.swift */; };
		ADF5BB492D782C39004732AE /* Main.storyboard in Resources */ = {isa = PBXBuildFile; fileRef = ADF5BB472D782C39004732AE /* Main.storyboard */; };
		ADF5BB4B2D782C3A004732AE /* Assets.xcassets in Resources */ = {isa = PBXBuildFile; fileRef = ADF5BB4A2D782C3A004732AE /* Assets.xcassets */; };
		ADF5BB4E2D782C3A004732AE /* LaunchScreen.storyboard in Resources */ = {isa = PBXBuildFile; fileRef = ADF5BB4C2D782C3A004732AE /* LaunchScreen.storyboard */; };
/* End PBXBuildFile section */

/* Begin PBXFileReference section */
		AD8EEA4F2D78794E00A5F212 /* DisplayFormDataViewController.swift */ = {isa = PBXFileReference; lastKnownFileType = sourcecode.swift; path = DisplayFormDataViewController.swift; sourceTree = "<group>"; };
		AD8EEA502D78794E00A5F212 /* DisplayFormDataViewController.xib */ = {isa = PBXFileReference; lastKnownFileType = file.xib; path = DisplayFormDataViewController.xib; sourceTree = "<group>"; };
		ADF5BB3E2D782C39004732AE /* ReportAnIssueeForm.app */ = {isa = PBXFileReference; explicitFileType = wrapper.application; includeInIndex = 0; path = ReportAnIssueeForm.app; sourceTree = BUILT_PRODUCTS_DIR; };
		ADF5BB412D782C39004732AE /* AppDelegate.swift */ = {isa = PBXFileReference; lastKnownFileType = sourcecode.swift; path = AppDelegate.swift; sourceTree = "<group>"; };
		ADF5BB432D782C39004732AE /* SceneDelegate.swift */ = {isa = PBXFileReference; lastKnownFileType = sourcecode.swift; path = SceneDelegate.swift; sourceTree = "<group>"; };
		ADF5BB452D782C39004732AE /* ViewController.swift */ = {isa = PBXFileReference; lastKnownFileType = sourcecode.swift; path = ViewController.swift; sourceTree = "<group>"; };
		ADF5BB482D782C39004732AE /* Base */ = {isa = PBXFileReference; lastKnownFileType = file.storyboard; name = Base; path = Base.lproj/Main.storyboard; sourceTree = "<group>"; };
		ADF5BB4A2D782C3A004732AE /* Assets.xcassets */ = {isa = PBXFileReference; lastKnownFileType = folder.assetcatalog; path = Assets.xcassets; sourceTree = "<group>"; };
		ADF5BB4D2D782C3A004732AE /* Base */ = {isa = PBXFileReference; lastKnownFileType = file.storyboard; name = Base; path = Base.lproj/LaunchScreen.storyboard; sourceTree = "<group>"; };
		ADF5BB4F2D782C3A004732AE /* Info.plist */ = {isa = PBXFileReference; lastKnownFileType = text.plist.xml; path = Info.plist; sourceTree = "<group>"; };
/* End PBXFileReference section */

/* Begin PBXFrameworksBuildPhase section */
		ADF5BB3B2D782C39004732AE /* Frameworks */ = {
			isa = PBXFrameworksBuildPhase;
			buildActionMask = 2147483647;
			files = (
			);
			runOnlyForDeploymentPostprocessing = 0;
		};
/* End PBXFrameworksBuildPhase section */

/* Begin PBXGroup section */
		ADF5BB352D782C39004732AE = {
			isa = PBXGroup;
			children = (
				ADF5BB402D782C39004732AE /* ReportAnIssueeForm */,
				ADF5BB3F2D782C39004732AE /* Products */,
			);
			sourceTree = "<group>";
		};
		ADF5BB3F2D782C39004732AE /* Products */ = {
			isa = PBXGroup;
			children = (
				ADF5BB3E2D782C39004732AE /* ReportAnIssueeForm.app */,
			);
			name = Products;
			sourceTree = "<group>";
		};
		ADF5BB402D782C39004732AE /* ReportAnIssueeForm */ = {
			isa = PBXGroup;
			children = (
				ADF5BB412D782C39004732AE /* AppDelegate.swift */,
				ADF5BB432D782C39004732AE /* SceneDelegate.swift */,
				ADF5BB452D782C39004732AE /* ViewController.swift */,
				ADF5BB472D782C39004732AE /* Main.storyboard */,
				ADF5BB4A2D782C3A004732AE /* Assets.xcassets */,
				ADF5BB4C2D782C3A004732AE /* LaunchScreen.storyboard */,
				ADF5BB4F2D782C3A004732AE /* Info.plist */,
				AD8EEA4F2D78794E00A5F212 /* DisplayFormDataViewController.swift */,
				AD8EEA502D78794E00A5F212 /* DisplayFormDataViewController.xib */,
			);
			path = ReportAnIssueeForm;
			sourceTree = "<group>";
		};
/* End PBXGroup section */

/* Begin PBXNativeTarget section */
		ADF5BB3D2D782C39004732AE /* ReportAnIssueeForm */ = {
			isa = PBXNativeTarget;
			buildConfigurationList = ADF5BB522D782C3A004732AE /* Build configuration list for PBXNativeTarget "ReportAnIssueeForm" */;
			buildPhases = (
				ADF5BB3A2D782C39004732AE /* Sources */,
				ADF5BB3B2D782C39004732AE /* Frameworks */,
				ADF5BB3C2D782C39004732AE /* Resources */,
			);
			buildRules = (
			);
			dependencies = (
			);
			name = ReportAnIssueeForm;
			productName = ReportAnIssueeForm;
			productReference = ADF5BB3E2D782C39004732AE /* ReportAnIssueeForm.app */;
			productType = "com.apple.product-type.application";
		};
/* End PBXNativeTarget section */

/* Begin PBXProject section */
		ADF5BB362D782C39004732AE /* Project object */ = {
			isa = PBXProject;
			attributes = {
				BuildIndependentTargetsInParallel = 1;
				LastSwiftUpdateCheck = 1420;
				LastUpgradeCheck = 1420;
				TargetAttributes = {
					ADF5BB3D2D782C39004732AE = {
						CreatedOnToolsVersion = 14.2;
					};
				};
			};
			buildConfigurationList = ADF5BB392D782C39004732AE /* Build configuration list for PBXProject "ReportAnIssueeForm" */;
			compatibilityVersion = "Xcode 14.0";
			developmentRegion = en;
			hasScannedForEncodings = 0;
			knownRegions = (
				en,
				Base,
			);
			mainGroup = ADF5BB352D782C39004732AE;
			productRefGroup = ADF5BB3F2D782C39004732AE /* Products */;
			projectDirPath = "";
			projectRoot = "";
			targets = (
				ADF5BB3D2D782C39004732AE /* ReportAnIssueeForm */,
			);
		};
/* End PBXProject section */

/* Begin PBXResourcesBuildPhase section */
		ADF5BB3C2D782C39004732AE /* Resources */ = {
			isa = PBXResourcesBuildPhase;
			buildActionMask = 2147483647;
			files = (
				ADF5BB4E2D782C3A004732AE /* LaunchScreen.storyboard in Resources */,
				ADF5BB4B2D782C3A004732AE /* Assets.xcassets in Resources */,
				ADF5BB492D782C39004732AE /* Main.storyboard in Resources */,
				AD8EEA522D78794E00A5F212 /* DisplayFormDataViewController.xib in Resources */,
			);
			runOnlyForDeploymentPostprocessing = 0;
		};
/* End PBXResourcesBuildPhase section */

/* Begin PBXSourcesBuildPhase section */
		ADF5BB3A2D782C39004732AE /* Sources */ = {
			isa = PBXSourcesBuildPhase;
			buildActionMask = 2147483647;
			files = (
				ADF5BB462D782C39004732AE /* ViewController.swift in Sources */,
				AD8EEA512D78794E00A5F212 /* DisplayFormDataViewController.swift in Sources */,
				ADF5BB422D782C39004732AE /* AppDelegate.swift in Sources */,
				ADF5BB442D782C39004732AE /* SceneDelegate.swift in Sources */,
			);
			runOnlyForDeploymentPostprocessing = 0;
		};
/* End PBXSourcesBuildPhase section */

/* Begin PBXVariantGroup section */
		ADF5BB472D782C39004732AE /* Main.storyboard */ = {
			isa = PBXVariantGroup;
			children = (
				ADF5BB482D782C39004732AE /* Base */,
			);
			name = Main.storyboard;
			sourceTree = "<group>";
		};
		ADF5BB4C2D782C3A004732AE /* LaunchScreen.storyboard */ = {
			isa = PBXVariantGroup;
			children = (
				ADF5BB4D2D782C3A004732AE /* Base */,
			);
			name = LaunchScreen.storyboard;
			sourceTree = "<group>";
		};
/* End PBXVariantGroup section */

/* Begin XCBuildConfiguration section */
		ADF5BB502D782C3A004732AE /* Debug */ = {
			isa = XCBuildConfiguration;
			buildSettings = {
				ALWAYS_SEARCH_USER_PATHS = NO;
				CLANG_ANALYZER_NONNULL = YES;
				CLANG_ANALYZER_NUMBER_OBJECT_CONVERSION = YES_AGGRESSIVE;
				CLANG_CXX_LANGUAGE_STANDARD = "gnu++20";
				CLANG_ENABLE_MODULES = YES;
				CLANG_ENABLE_OBJC_ARC = YES;
				CLANG_ENABLE_OBJC_WEAK = YES;
				CLANG_WARN_BLOCK_CAPTURE_AUTORELEASING = YES;
				CLANG_WARN_BOOL_CONVERSION = YES;
				CLANG_WARN_COMMA = YES;
				CLANG_WARN_CONSTANT_CONVERSION = YES;
				CLANG_WARN_DEPRECATED_OBJC_IMPLEMENTATIONS = YES;
				CLANG_WARN_DIRECT_OBJC_ISA_USAGE = YES_ERROR;
				CLANG_WARN_DOCUMENTATION_COMMENTS = YES;
				CLANG_WARN_EMPTY_BODY = YES;
				CLANG_WARN_ENUM_CONVERSION = YES;
				CLANG_WARN_INFINITE_RECURSION = YES;
				CLANG_WARN_INT_CONVERSION = YES;
				CLANG_WARN_NON_LITERAL_NULL_CONVERSION = YES;
				CLANG_WARN_OBJC_IMPLICIT_RETAIN_SELF = YES;
				CLANG_WARN_OBJC_LITERAL_CONVERSION = YES;
				CLANG_WARN_OBJC_ROOT_CLASS = YES_ERROR;
				CLANG_WARN_QUOTED_INCLUDE_IN_FRAMEWORK_HEADER = YES;
				CLANG_WARN_RANGE_LOOP_ANALYSIS = YES;
				CLANG_WARN_STRICT_PROTOTYPES = YES;
				CLANG_WARN_SUSPICIOUS_MOVE = YES;
				CLANG_WARN_UNGUARDED_AVAILABILITY = YES_AGGRESSIVE;
				CLANG_WARN_UNREACHABLE_CODE = YES;
				CLANG_WARN__DUPLICATE_METHOD_MATCH = YES;
				COPY_PHASE_STRIP = NO;
				DEBUG_INFORMATION_FORMAT = dwarf;
				ENABLE_STRICT_OBJC_MSGSEND = YES;
				ENABLE_TESTABILITY = YES;
				GCC_C_LANGUAGE_STANDARD = gnu11;
				GCC_DYNAMIC_NO_PIC = NO;
				GCC_NO_COMMON_BLOCKS = YES;
				GCC_OPTIMIZATION_LEVEL = 0;
				GCC_PREPROCESSOR_DEFINITIONS = (
					"DEBUG=1",
					"$(inherited)",
				);
				GCC_WARN_64_TO_32_BIT_CONVERSION = YES;
				GCC_WARN_ABOUT_RETURN_TYPE = YES_ERROR;
				GCC_WARN_UNDECLARED_SELECTOR = YES;
				GCC_WARN_UNINITIALIZED_AUTOS = YES_AGGRESSIVE;
				GCC_WARN_UNUSED_FUNCTION = YES;
				GCC_WARN_UNUSED_VARIABLE = YES;
				IPHONEOS_DEPLOYMENT_TARGET = 16.2;
				MTL_ENABLE_DEBUG_INFO = INCLUDE_SOURCE;
				MTL_FAST_MATH = YES;
				ONLY_ACTIVE_ARCH = YES;
				SDKROOT = iphoneos;
				SWIFT_ACTIVE_COMPILATION_CONDITIONS = DEBUG;
				SWIFT_OPTIMIZATION_LEVEL = "-Onone";
			};
			name = Debug;
		};
		ADF5BB512D782C3A004732AE /* Release */ = {
			isa = XCBuildConfiguration;
			buildSettings = {
				ALWAYS_SEARCH_USER_PATHS = NO;
				CLANG_ANALYZER_NONNULL = YES;
				CLANG_ANALYZER_NUMBER_OBJECT_CONVERSION = YES_AGGRESSIVE;
				CLANG_CXX_LANGUAGE_STANDARD = "gnu++20";
				CLANG_ENABLE_MODULES = YES;
				CLANG_ENABLE_OBJC_ARC = YES;
				CLANG_ENABLE_OBJC_WEAK = YES;
				CLANG_WARN_BLOCK_CAPTURE_AUTORELEASING = YES;
				CLANG_WARN_BOOL_CONVERSION = YES;
				CLANG_WARN_COMMA = YES;
				CLANG_WARN_CONSTANT_CONVERSION = YES;
				CLANG_WARN_DEPRECATED_OBJC_IMPLEMENTATIONS = YES;
				CLANG_WARN_DIRECT_OBJC_ISA_USAGE = YES_ERROR;
				CLANG_WARN_DOCUMENTATION_COMMENTS = YES;
				CLANG_WARN_EMPTY_BODY = YES;
				CLANG_WARN_ENUM_CONVERSION = YES;
				CLANG_WARN_INFINITE_RECURSION = YES;
				CLANG_WARN_INT_CONVERSION = YES;
				CLANG_WARN_NON_LITERAL_NULL_CONVERSION = YES;
				CLANG_WARN_OBJC_IMPLICIT_RETAIN_SELF = YES;
				CLANG_WARN_OBJC_LITERAL_CONVERSION = YES;
				CLANG_WARN_OBJC_ROOT_CLASS = YES_ERROR;
				CLANG_WARN_QUOTED_INCLUDE_IN_FRAMEWORK_HEADER = YES;
				CLANG_WARN_RANGE_LOOP_ANALYSIS = YES;
				CLANG_WARN_STRICT_PROTOTYPES = YES;
				CLANG_WARN_SUSPICIOUS_MOVE = YES;
				CLANG_WARN_UNGUARDED_AVAILABILITY = YES_AGGRESSIVE;
				CLANG_WARN_UNREACHABLE_CODE = YES;
				CLANG_WARN__DUPLICATE_METHOD_MATCH = YES;
				COPY_PHASE_STRIP = NO;
				DEBUG_INFORMATION_FORMAT = "dwarf-with-dsym";
				ENABLE_NS_ASSERTIONS = NO;
				ENABLE_STRICT_OBJC_MSGSEND = YES;
				GCC_C_LANGUAGE_STANDARD = gnu11;
				GCC_NO_COMMON_BLOCKS = YES;
				GCC_WARN_64_TO_32_BIT_CONVERSION = YES;
				GCC_WARN_ABOUT_RETURN_TYPE = YES_ERROR;
				GCC_WARN_UNDECLARED_SELECTOR = YES;
				GCC_WARN_UNINITIALIZED_AUTOS = YES_AGGRESSIVE;
				GCC_WARN_UNUSED_FUNCTION = YES;
				GCC_WARN_UNUSED_VARIABLE = YES;
				IPHONEOS_DEPLOYMENT_TARGET = 16.2;
				MTL_ENABLE_DEBUG_INFO = NO;
				MTL_FAST_MATH = YES;
				SDKROOT = iphoneos;
				SWIFT_COMPILATION_MODE = wholemodule;
				SWIFT_OPTIMIZATION_LEVEL = "-O";
				VALIDATE_PRODUCT = YES;
			};
			name = Release;
		};
		ADF5BB532D782C3A004732AE /* Debug */ = {
			isa = XCBuildConfiguration;
			buildSettings = {
				ASSETCATALOG_COMPILER_APPICON_NAME = AppIcon;
				ASSETCATALOG_COMPILER_GLOBAL_ACCENT_COLOR_NAME = AccentColor;
				CODE_SIGN_STYLE = Automatic;
				CURRENT_PROJECT_VERSION = 1;
				GENERATE_INFOPLIST_FILE = YES;
				INFOPLIST_FILE = ReportAnIssueeForm/Info.plist;
				INFOPLIST_KEY_UIApplicationSupportsIndirectInputEvents = YES;
				INFOPLIST_KEY_UILaunchStoryboardName = LaunchScreen;
				INFOPLIST_KEY_UIMainStoryboardFile = Main;
				INFOPLIST_KEY_UISupportedInterfaceOrientations_iPad = "UIInterfaceOrientationPortrait UIInterfaceOrientationPortraitUpsideDown UIInterfaceOrientationLandscapeLeft UIInterfaceOrientationLandscapeRight";
				INFOPLIST_KEY_UISupportedInterfaceOrientations_iPhone = "UIInterfaceOrientationPortrait UIInterfaceOrientationLandscapeLeft UIInterfaceOrientationLandscapeRight";
				LD_RUNPATH_SEARCH_PATHS = (
					"$(inherited)",
					"@executable_path/Frameworks",
				);
				MARKETING_VERSION = 1.0;
				PRODUCT_BUNDLE_IDENTIFIER = jgv.ReportAnIssueeForm;
				PRODUCT_NAME = "$(TARGET_NAME)";
				SWIFT_EMIT_LOC_STRINGS = YES;
				SWIFT_VERSION = 5.0;
				TARGETED_DEVICE_FAMILY = "1,2";
			};
			name = Debug;
		};
		ADF5BB542D782C3A004732AE /* Release */ = {
			isa = XCBuildConfiguration;
			buildSettings = {
				ASSETCATALOG_COMPILER_APPICON_NAME = AppIcon;
				ASSETCATALOG_COMPILER_GLOBAL_ACCENT_COLOR_NAME = AccentColor;
				CODE_SIGN_STYLE = Automatic;
				CURRENT_PROJECT_VERSION = 1;
				GENERATE_INFOPLIST_FILE = YES;
				INFOPLIST_FILE = ReportAnIssueeForm/Info.plist;
				INFOPLIST_KEY_UIApplicationSupportsIndirectInputEvents = YES;
				INFOPLIST_KEY_UILaunchStoryboardName = LaunchScreen;
				INFOPLIST_KEY_UIMainStoryboardFile = Main;
				INFOPLIST_KEY_UISupportedInterfaceOrientations_iPad = "UIInterfaceOrientationPortrait UIInterfaceOrientationPortraitUpsideDown UIInterfaceOrientationLandscapeLeft UIInterfaceOrientationLandscapeRight";
				INFOPLIST_KEY_UISupportedInterfaceOrientations_iPhone = "UIInterfaceOrientationPortrait UIInterfaceOrientationLandscapeLeft UIInterfaceOrientationLandscapeRight";
				LD_RUNPATH_SEARCH_PATHS = (
					"$(inherited)",
					"@executable_path/Frameworks",
				);
				MARKETING_VERSION = 1.0;
				PRODUCT_BUNDLE_IDENTIFIER = jgv.ReportAnIssueeForm;
				PRODUCT_NAME = "$(TARGET_NAME)";
				SWIFT_EMIT_LOC_STRINGS = YES;
				SWIFT_VERSION = 5.0;
				TARGETED_DEVICE_FAMILY = "1,2";
			};
			name = Release;
		};
/* End XCBuildConfiguration section */

/* Begin XCConfigurationList section */
		ADF5BB392D782C39004732AE /* Build configuration list for PBXProject "ReportAnIssueeForm" */ = {
			isa = XCConfigurationList;
			buildConfigurations = (
				ADF5BB502D782C3A004732AE /* Debug */,
				ADF5BB512D782C3A004732AE /* Release */,
			);
			defaultConfigurationIsVisible = 0;
			defaultConfigurationName = Release;
		};
		ADF5BB522D782C3A004732AE /* Build configuration list for PBXNativeTarget "ReportAnIssueeForm" */ = {
			isa = XCConfigurationList;
			buildConfigurations = (
				ADF5BB532D782C3A004732AE /* Debug */,
				ADF5BB542D782C3A004732AE /* Release */,
			);
			defaultConfigurationIsVisible = 0;
			defaultConfigurationName = Release;
		};
/* End XCConfigurationList section */
	};
	rootObject = ADF5BB362D782C39004732AE /* Project object */;
}
